
Microsoft Visual Studio Solution File, Format Version 12.00
# Visual Studio Version 16
VisualStudioVersion = 16.0.29728.190
MinimumVisualStudioVersion = 10.0.40219.1
Project("{FAE04EC0-301F-11D3-BF4B-00C04F79EFBC}") = "Guard", "Guard\Guard.csproj", "{880E2731-153E-4E0C-8D78-7276300E5997}"
EndProject
Project("{FAE04EC0-301F-11D3-BF4B-00C04F79EFBC}") = "Guard.Tests", "Guard.Tests\Guard.Tests.csproj", "{957FF402-5D68-47C0-A5FB-9031890F2D8F}"
EndProject
Global
	GlobalSection(SolutionConfigurationPlatforms) = preSolution
		Debug|Any CPU = Debug|Any CPU
		Release|Any CPU = Release|Any CPU
	EndGlobalSection
	GlobalSection(ProjectConfigurationPlatforms) = postSolution
		{880E2731-153E-4E0C-8D78-7276300E5997}.Debug|Any CPU.ActiveCfg = Debug|Any CPU
		{880E2731-153E-4E0C-8D78-7276300E5997}.Debug|Any CPU.Build.0 = Debug|Any CPU
		{880E2731-153E-4E0C-8D78-7276300E5997}.Release|Any CPU.ActiveCfg = Release|Any CPU
		{880E2731-153E-4E0C-8D78-7276300E5997}.Release|Any CPU.Build.0 = Release|Any CPU
		{957FF402-5D68-47C0-A5FB-9031890F2D8F}.Debug|Any CPU.ActiveCfg = Debug|Any CPU
		{957FF402-5D68-47C0-A5FB-9031890F2D8F}.Debug|Any CPU.Build.0 = Debug|Any CPU
		{957FF402-5D68-47C0-A5FB-9031890F2D8F}.Release|Any CPU.ActiveCfg = Release|Any CPU
		{957FF402-5D68-47C0-A5FB-9031890F2D8F}.Release|Any CPU.Build.0 = Release|Any CPU
	EndGlobalSection
	GlobalSection(SolutionProperties) = preSolution
		HideSolutionNode = FALSE
	EndGlobalSection
	GlobalSection(ExtensibilityGlobals) = postSolution
		SolutionGuid = {7400842F-6C0C-42E0-872E-2294A4714EE0}
	EndGlobalSection
EndGlobal
